
Microsoft Visual Studio Solution File, Format Version 12.00
# Visual Studio Version 17
VisualStudioVersion = 17.14.36414.22
MinimumVisualStudioVersion = 10.0.40219.1
Project("{FAE04EC0-301F-11D3-BF4B-00C04F79EFBC}") = "LargeViewRenderError", "LargeViewRenderError\LargeViewRenderError.csproj", "{A84B129D-C3F4-4035-A926-2CE3BFE0C096}"
EndProject
Global
	GlobalSection(SolutionConfigurationPlatforms) = preSolution
		Debug|Any CPU = Debug|Any CPU
		Release|Any CPU = Release|Any CPU
	EndGlobalSection
	GlobalSection(ProjectConfigurationPlatforms) = postSolution
		{A84B129D-C3F4-4035-A926-2CE3BFE0C096}.Debug|Any CPU.ActiveCfg = Debug|Any CPU
		{A84B129D-C3F4-4035-A926-2CE3BFE0C096}.Debug|Any CPU.Build.0 = Debug|Any CPU
		{A84B129D-C3F4-4035-A926-2CE3BFE0C096}.Release|Any CPU.ActiveCfg = Release|Any CPU
		{A84B129D-C3F4-4035-A926-2CE3BFE0C096}.Release|Any CPU.Build.0 = Release|Any CPU
	EndGlobalSection
	GlobalSection(SolutionProperties) = preSolution
		HideSolutionNode = FALSE
	EndGlobalSection
	GlobalSection(ExtensibilityGlobals) = postSolution
		SolutionGuid = {171091C2-C6B5-465B-88F4-AA7222785772}
	EndGlobalSection
EndGlobal
